// !$*UTF8*$!
{
	archiveVersion = 1;
	classes = {
	};
	objectVersion = 51;
	objects = {

/* Begin PBXBuildFile section */
		854D8C782589CA4200607035 /* bases.xsoul.py in Resources */ = {isa = PBXBuildFile; fileRef = 854D8C772589CA4200607035 /* bases.xsoul.py */; };
		854D8C832589E2C100607035 /* hex.soul.py in Resources */ = {isa = PBXBuildFile; fileRef = 854D8C822589E2C100607035 /* hex.soul.py */; };
		854D8C862589E2EC00607035 /* bin.soul.py in Resources */ = {isa = PBXBuildFile; fileRef = 854D8C852589E2EC00607035 /* bin.soul.py */; };
		85C98D98258AADFB0025B02F /* spell.soul.py in Resources */ = {isa = PBXBuildFile; fileRef = 85C98D97258AADFB0025B02F /* spell.soul.py */; };
		85C98D9C258AD57A0025B02F /* calc.py in Resources */ = {isa = PBXBuildFile; fileRef = 85C98D9B258AD57A0025B02F /* calc.py */; };
		85C9B56625919C6500E92A05 /* dict.xsoul.py in Resources */ = {isa = PBXBuildFile; fileRef = 85C9B56525919C6500E92A05 /* dict.xsoul.py */; };
		85C9B56B2591CFFF00E92A05 /* ascii.soul.py in Resources */ = {isa = PBXBuildFile; fileRef = 85C9B56A2591CFFF00E92A05 /* ascii.soul.py */; };
		85C9B56F2591D10A00E92A05 /* ord.soul.py in Resources */ = {isa = PBXBuildFile; fileRef = 85C9B56E2591D10A00E92A05 /* ord.soul.py */; };
		85D4736425874145007F2C78 /* KharonApp.swift in Sources */ = {isa = PBXBuildFile; fileRef = 85D4736325874145007F2C78 /* KharonApp.swift */; };
		85D4736625874145007F2C78 /* ContentView.swift in Sources */ = {isa = PBXBuildFile; fileRef = 85D4736525874145007F2C78 /* ContentView.swift */; };
		85D4736825874146007F2C78 /* Assets.xcassets in Resources */ = {isa = PBXBuildFile; fileRef = 85D4736725874146007F2C78 /* Assets.xcassets */; };
		85D4736B25874146007F2C78 /* Preview Assets.xcassets in Resources */ = {isa = PBXBuildFile; fileRef = 85D4736A25874146007F2C78 /* Preview Assets.xcassets */; };
		85D4737525874DCC007F2C78 /* Ferry.swift in Sources */ = {isa = PBXBuildFile; fileRef = 85D4737425874DCC007F2C78 /* Ferry.swift */; };
		85D4737A25875C38007F2C78 /* echo.xsoul.sh in Resources */ = {isa = PBXBuildFile; fileRef = 85D4737925875C38007F2C78 /* echo.xsoul.sh */; };
		85D473832587F4B5007F2C78 /* dec.soul.py in Resources */ = {isa = PBXBuildFile; fileRef = 85D473822587F4B5007F2C78 /* dec.soul.py */; };
		A6FABD34FCC8ECDF9AE8F8A7 /* Pods_Kharon.framework in Frameworks */ = {isa = PBXBuildFile; fileRef = 2136ECA7A78536D96F31BC6F /* Pods_Kharon.framework */; };
/* End PBXBuildFile section */

/* Begin PBXFileReference section */
		2136ECA7A78536D96F31BC6F /* Pods_Kharon.framework */ = {isa = PBXFileReference; explicitFileType = wrapper.framework; includeInIndex = 0; path = Pods_Kharon.framework; sourceTree = BUILT_PRODUCTS_DIR; };
		854D8C772589CA4200607035 /* bases.xsoul.py */ = {isa = PBXFileReference; lastKnownFileType = text.script.python; path = bases.xsoul.py; sourceTree = "<group>"; };
		854D8C822589E2C100607035 /* hex.soul.py */ = {isa = PBXFileReference; lastKnownFileType = text.script.python; path = hex.soul.py; sourceTree = "<group>"; };
		854D8C852589E2EC00607035 /* bin.soul.py */ = {isa = PBXFileReference; lastKnownFileType = text.script.python; path = bin.soul.py; sourceTree = "<group>"; };
		85C98D97258AADFB0025B02F /* spell.soul.py */ = {isa = PBXFileReference; lastKnownFileType = text.script.python; path = spell.soul.py; sourceTree = "<group>"; };
		85C98D9B258AD57A0025B02F /* calc.py */ = {isa = PBXFileReference; lastKnownFileType = text.script.python; path = calc.py; sourceTree = "<group>"; };
		85C9B56525919C6500E92A05 /* dict.xsoul.py */ = {isa = PBXFileReference; lastKnownFileType = text.script.python; path = dict.xsoul.py; sourceTree = "<group>"; };
		85C9B56A2591CFFF00E92A05 /* ascii.soul.py */ = {isa = PBXFileReference; lastKnownFileType = text.script.python; path = ascii.soul.py; sourceTree = "<group>"; };
		85C9B56E2591D10A00E92A05 /* ord.soul.py */ = {isa = PBXFileReference; lastKnownFileType = text.script.python; path = ord.soul.py; sourceTree = "<group>"; };
		85D4736025874145007F2C78 /* Kharon.app */ = {isa = PBXFileReference; explicitFileType = wrapper.application; includeInIndex = 0; path = Kharon.app; sourceTree = BUILT_PRODUCTS_DIR; };
		85D4736325874145007F2C78 /* KharonApp.swift */ = {isa = PBXFileReference; lastKnownFileType = sourcecode.swift; path = KharonApp.swift; sourceTree = "<group>"; };
		85D4736525874145007F2C78 /* ContentView.swift */ = {isa = PBXFileReference; lastKnownFileType = sourcecode.swift; path = ContentView.swift; sourceTree = "<group>"; };
		85D4736725874146007F2C78 /* Assets.xcassets */ = {isa = PBXFileReference; lastKnownFileType = folder.assetcatalog; path = Assets.xcassets; sourceTree = "<group>"; };
		85D4736A25874146007F2C78 /* Preview Assets.xcassets */ = {isa = PBXFileReference; lastKnownFileType = folder.assetcatalog; path = "Preview Assets.xcassets"; sourceTree = "<group>"; };
		85D4736C25874146007F2C78 /* Info.plist */ = {isa = PBXFileReference; lastKnownFileType = text.plist.xml; path = Info.plist; sourceTree = "<group>"; };
		85D4736D25874146007F2C78 /* Kharon.entitlements */ = {isa = PBXFileReference; lastKnownFileType = text.plist.entitlements; path = Kharon.entitlements; sourceTree = "<group>"; };
		85D4737425874DCC007F2C78 /* Ferry.swift */ = {isa = PBXFileReference; lastKnownFileType = sourcecode.swift; path = Ferry.swift; sourceTree = "<group>"; };
		85D4737925875C38007F2C78 /* echo.xsoul.sh */ = {isa = PBXFileReference; lastKnownFileType = text.script.sh; path = echo.xsoul.sh; sourceTree = "<group>"; };
		85D473822587F4B5007F2C78 /* dec.soul.py */ = {isa = PBXFileReference; lastKnownFileType = text.script.python; path = dec.soul.py; sourceTree = "<group>"; };
		BD0A052086D6E60E1E68F694 /* Pods-Kharon.debug.xcconfig */ = {isa = PBXFileReference; includeInIndex = 1; lastKnownFileType = text.xcconfig; name = "Pods-Kharon.debug.xcconfig"; path = "Target Support Files/Pods-Kharon/Pods-Kharon.debug.xcconfig"; sourceTree = "<group>"; };
		C9E7103B374B959BEB9C1FD2 /* Pods-Kharon.release.xcconfig */ = {isa = PBXFileReference; includeInIndex = 1; lastKnownFileType = text.xcconfig; name = "Pods-Kharon.release.xcconfig"; path = "Target Support Files/Pods-Kharon/Pods-Kharon.release.xcconfig"; sourceTree = "<group>"; };
/* End PBXFileReference section */

/* Begin PBXFrameworksBuildPhase section */
		85D4735D25874145007F2C78 /* Frameworks */ = {
			isa = PBXFrameworksBuildPhase;
			buildActionMask = 2147483647;
			files = (
				A6FABD34FCC8ECDF9AE8F8A7 /* Pods_Kharon.framework in Frameworks */,
			);
			runOnlyForDeploymentPostprocessing = 0;
		};
/* End PBXFrameworksBuildPhase section */

/* Begin PBXGroup section */
		639AA5827C8DC2CD2CD3307B /* Pods */ = {
			isa = PBXGroup;
			children = (
				BD0A052086D6E60E1E68F694 /* Pods-Kharon.debug.xcconfig */,
				C9E7103B374B959BEB9C1FD2 /* Pods-Kharon.release.xcconfig */,
			);
			path = Pods;
			sourceTree = "<group>";
		};
		85D4735725874145007F2C78 = {
			isa = PBXGroup;
			children = (
				85D4736225874145007F2C78 /* Kharon */,
				85D4736125874145007F2C78 /* Products */,
				639AA5827C8DC2CD2CD3307B /* Pods */,
				BABAF770D3F27FC327DADFAA /* Frameworks */,
			);
			sourceTree = "<group>";
		};
		85D4736125874145007F2C78 /* Products */ = {
			isa = PBXGroup;
			children = (
				85D4736025874145007F2C78 /* Kharon.app */,
			);
			name = Products;
			sourceTree = "<group>";
		};
		85D4736225874145007F2C78 /* Kharon */ = {
			isa = PBXGroup;
			children = (
				85D4737825875C24007F2C78 /* Souls */,
				85D4736325874145007F2C78 /* KharonApp.swift */,
				85D4736525874145007F2C78 /* ContentView.swift */,
				85D4737425874DCC007F2C78 /* Ferry.swift */,
				85D4736725874146007F2C78 /* Assets.xcassets */,
				85D4736C25874146007F2C78 /* Info.plist */,
				85D4736D25874146007F2C78 /* Kharon.entitlements */,
				85D4736925874146007F2C78 /* Preview Content */,
			);
			path = Kharon;
			sourceTree = "<group>";
		};
		85D4736925874146007F2C78 /* Preview Content */ = {
			isa = PBXGroup;
			children = (
				85D4736A25874146007F2C78 /* Preview Assets.xcassets */,
			);
			path = "Preview Content";
			sourceTree = "<group>";
		};
		85D4737825875C24007F2C78 /* Souls */ = {
			isa = PBXGroup;
			children = (
				85D473822587F4B5007F2C78 /* dec.soul.py */,
				854D8C822589E2C100607035 /* hex.soul.py */,
				854D8C852589E2EC00607035 /* bin.soul.py */,
				85C98D97258AADFB0025B02F /* spell.soul.py */,
				85C98D9B258AD57A0025B02F /* calc.py */,
				85D4737925875C38007F2C78 /* echo.xsoul.sh */,
				854D8C772589CA4200607035 /* bases.xsoul.py */,
				85C9B56525919C6500E92A05 /* dict.xsoul.py */,
				85C9B56A2591CFFF00E92A05 /* ascii.soul.py */,
				85C9B56E2591D10A00E92A05 /* ord.soul.py */,
			);
			path = Souls;
			sourceTree = "<group>";
		};
		BABAF770D3F27FC327DADFAA /* Frameworks */ = {
			isa = PBXGroup;
			children = (
				2136ECA7A78536D96F31BC6F /* Pods_Kharon.framework */,
			);
			name = Frameworks;
			sourceTree = "<group>";
		};
/* End PBXGroup section */

/* Begin PBXNativeTarget section */
		85D4735F25874145007F2C78 /* Kharon */ = {
			isa = PBXNativeTarget;
			buildConfigurationList = 85D4737025874146007F2C78 /* Build configuration list for PBXNativeTarget "Kharon" */;
			buildPhases = (
				A73D4FD35A3D80997C185FA3 /* [CP] Check Pods Manifest.lock */,
				85D4735C25874145007F2C78 /* Sources */,
				85D4735D25874145007F2C78 /* Frameworks */,
				85D4735E25874145007F2C78 /* Resources */,
				BE999A275CA0D7F6EB201309 /* [CP] Embed Pods Frameworks */,
			);
			buildRules = (
			);
			dependencies = (
			);
			name = Kharon;
			productName = Kharon;
			productReference = 85D4736025874145007F2C78 /* Kharon.app */;
			productType = "com.apple.product-type.application";
		};
/* End PBXNativeTarget section */

/* Begin PBXProject section */
		85D4735825874145007F2C78 /* Project object */ = {
			isa = PBXProject;
			attributes = {
				LastSwiftUpdateCheck = 1220;
				LastUpgradeCheck = 1230;
				TargetAttributes = {
					85D4735F25874145007F2C78 = {
						CreatedOnToolsVersion = 12.2;
					};
				};
			};
			buildConfigurationList = 85D4735B25874145007F2C78 /* Build configuration list for PBXProject "Kharon" */;
			compatibilityVersion = "Xcode 9.3";
			developmentRegion = en;
			hasScannedForEncodings = 0;
			knownRegions = (
				en,
				Base,
			);
			mainGroup = 85D4735725874145007F2C78;
			productRefGroup = 85D4736125874145007F2C78 /* Products */;
			projectDirPath = "";
			projectRoot = "";
			targets = (
				85D4735F25874145007F2C78 /* Kharon */,
			);
		};
/* End PBXProject section */

/* Begin PBXResourcesBuildPhase section */
		85D4735E25874145007F2C78 /* Resources */ = {
			isa = PBXResourcesBuildPhase;
			buildActionMask = 2147483647;
			files = (
				85C9B56B2591CFFF00E92A05 /* ascii.soul.py in Resources */,
				854D8C832589E2C100607035 /* hex.soul.py in Resources */,
				85D4737A25875C38007F2C78 /* echo.xsoul.sh in Resources */,
				85D4736B25874146007F2C78 /* Preview Assets.xcassets in Resources */,
				85C9B56F2591D10A00E92A05 /* ord.soul.py in Resources */,
				85C9B56625919C6500E92A05 /* dict.xsoul.py in Resources */,
				854D8C782589CA4200607035 /* bases.xsoul.py in Resources */,
				85C98D9C258AD57A0025B02F /* calc.py in Resources */,
				85D4736825874146007F2C78 /* Assets.xcassets in Resources */,
				85C98D98258AADFB0025B02F /* spell.soul.py in Resources */,
				85D473832587F4B5007F2C78 /* dec.soul.py in Resources */,
				854D8C862589E2EC00607035 /* bin.soul.py in Resources */,
			);
			runOnlyForDeploymentPostprocessing = 0;
		};
/* End PBXResourcesBuildPhase section */

/* Begin PBXShellScriptBuildPhase section */
		A73D4FD35A3D80997C185FA3 /* [CP] Check Pods Manifest.lock */ = {
			isa = PBXShellScriptBuildPhase;
			buildActionMask = 2147483647;
			files = (
			);
			inputFileListPaths = (
			);
			inputPaths = (
				"${PODS_PODFILE_DIR_PATH}/Podfile.lock",
				"${PODS_ROOT}/Manifest.lock",
			);
			name = "[CP] Check Pods Manifest.lock";
			outputFileListPaths = (
			);
			outputPaths = (
				"$(DERIVED_FILE_DIR)/Pods-Kharon-checkManifestLockResult.txt",
			);
			runOnlyForDeploymentPostprocessing = 0;
			shellPath = /bin/sh;
			shellScript = "diff \"${PODS_PODFILE_DIR_PATH}/Podfile.lock\" \"${PODS_ROOT}/Manifest.lock\" > /dev/null\nif [ $? != 0 ] ; then\n    # print error to STDERR\n    echo \"error: The sandbox is not in sync with the Podfile.lock. Run 'pod install' or update your CocoaPods installation.\" >&2\n    exit 1\nfi\n# This output is used by Xcode 'outputs' to avoid re-running this script phase.\necho \"SUCCESS\" > \"${SCRIPT_OUTPUT_FILE_0}\"\n";
			showEnvVarsInLog = 0;
		};
		BE999A275CA0D7F6EB201309 /* [CP] Embed Pods Frameworks */ = {
			isa = PBXShellScriptBuildPhase;
			buildActionMask = 2147483647;
			files = (
			);
			inputFileListPaths = (
				"${PODS_ROOT}/Target Support Files/Pods-Kharon/Pods-Kharon-frameworks-${CONFIGURATION}-input-files.xcfilelist",
			);
			name = "[CP] Embed Pods Frameworks";
			outputFileListPaths = (
				"${PODS_ROOT}/Target Support Files/Pods-Kharon/Pods-Kharon-frameworks-${CONFIGURATION}-output-files.xcfilelist",
			);
			runOnlyForDeploymentPostprocessing = 0;
			shellPath = /bin/sh;
			shellScript = "\"${PODS_ROOT}/Target Support Files/Pods-Kharon/Pods-Kharon-frameworks.sh\"\n";
			showEnvVarsInLog = 0;
		};
/* End PBXShellScriptBuildPhase section */

/* Begin PBXSourcesBuildPhase section */
		85D4735C25874145007F2C78 /* Sources */ = {
			isa = PBXSourcesBuildPhase;
			buildActionMask = 2147483647;
			files = (
				85D4737525874DCC007F2C78 /* Ferry.swift in Sources */,
				85D4736625874145007F2C78 /* ContentView.swift in Sources */,
				85D4736425874145007F2C78 /* KharonApp.swift in Sources */,
			);
			runOnlyForDeploymentPostprocessing = 0;
		};
/* End PBXSourcesBuildPhase section */

/* Begin XCBuildConfiguration section */
		85D4736E25874146007F2C78 /* Debug */ = {
			isa = XCBuildConfiguration;
			buildSettings = {
				ALWAYS_SEARCH_USER_PATHS = NO;
				CLANG_ANALYZER_NONNULL = YES;
				CLANG_ANALYZER_NUMBER_OBJECT_CONVERSION = YES_AGGRESSIVE;
				CLANG_CXX_LANGUAGE_STANDARD = "gnu++14";
				CLANG_CXX_LIBRARY = "libc++";
				CLANG_ENABLE_MODULES = YES;
				CLANG_ENABLE_OBJC_ARC = YES;
				CLANG_ENABLE_OBJC_WEAK = YES;
				CLANG_WARN_BLOCK_CAPTURE_AUTORELEASING = YES;
				CLANG_WARN_BOOL_CONVERSION = YES;
				CLANG_WARN_COMMA = YES;
				CLANG_WARN_CONSTANT_CONVERSION = YES;
				CLANG_WARN_DEPRECATED_OBJC_IMPLEMENTATIONS = YES;
				CLANG_WARN_DIRECT_OBJC_ISA_USAGE = YES_ERROR;
				CLANG_WARN_DOCUMENTATION_COMMENTS = YES;
				CLANG_WARN_EMPTY_BODY = YES;
				CLANG_WARN_ENUM_CONVERSION = YES;
				CLANG_WARN_INFINITE_RECURSION = YES;
				CLANG_WARN_INT_CONVERSION = YES;
				CLANG_WARN_NON_LITERAL_NULL_CONVERSION = YES;
				CLANG_WARN_OBJC_IMPLICIT_RETAIN_SELF = YES;
				CLANG_WARN_OBJC_LITERAL_CONVERSION = YES;
				CLANG_WARN_OBJC_ROOT_CLASS = YES_ERROR;
				CLANG_WARN_QUOTED_INCLUDE_IN_FRAMEWORK_HEADER = YES;
				CLANG_WARN_RANGE_LOOP_ANALYSIS = YES;
				CLANG_WARN_STRICT_PROTOTYPES = YES;
				CLANG_WARN_SUSPICIOUS_MOVE = YES;
				CLANG_WARN_UNGUARDED_AVAILABILITY = YES_AGGRESSIVE;
				CLANG_WARN_UNREACHABLE_CODE = YES;
				CLANG_WARN__DUPLICATE_METHOD_MATCH = YES;
				COPY_PHASE_STRIP = NO;
				DEBUG_INFORMATION_FORMAT = dwarf;
				ENABLE_STRICT_OBJC_MSGSEND = YES;
				ENABLE_TESTABILITY = YES;
				GCC_C_LANGUAGE_STANDARD = gnu11;
				GCC_DYNAMIC_NO_PIC = NO;
				GCC_NO_COMMON_BLOCKS = YES;
				GCC_OPTIMIZATION_LEVEL = 0;
				GCC_PREPROCESSOR_DEFINITIONS = (
					"DEBUG=1",
					"$(inherited)",
				);
				GCC_WARN_64_TO_32_BIT_CONVERSION = YES;
				GCC_WARN_ABOUT_RETURN_TYPE = YES_ERROR;
				GCC_WARN_UNDECLARED_SELECTOR = YES;
				GCC_WARN_UNINITIALIZED_AUTOS = YES_AGGRESSIVE;
				GCC_WARN_UNUSED_FUNCTION = YES;
				GCC_WARN_UNUSED_VARIABLE = YES;
				MACOSX_DEPLOYMENT_TARGET = 11.0;
				MTL_ENABLE_DEBUG_INFO = INCLUDE_SOURCE;
				MTL_FAST_MATH = YES;
				ONLY_ACTIVE_ARCH = YES;
				SDKROOT = macosx;
				SWIFT_ACTIVE_COMPILATION_CONDITIONS = DEBUG;
				SWIFT_OPTIMIZATION_LEVEL = "-Onone";
			};
			name = Debug;
		};
		85D4736F25874146007F2C78 /* Release */ = {
			isa = XCBuildConfiguration;
			buildSettings = {
				ALWAYS_SEARCH_USER_PATHS = NO;
				CLANG_ANALYZER_NONNULL = YES;
				CLANG_ANALYZER_NUMBER_OBJECT_CONVERSION = YES_AGGRESSIVE;
				CLANG_CXX_LANGUAGE_STANDARD = "gnu++14";
				CLANG_CXX_LIBRARY = "libc++";
				CLANG_ENABLE_MODULES = YES;
				CLANG_ENABLE_OBJC_ARC = YES;
				CLANG_ENABLE_OBJC_WEAK = YES;
				CLANG_WARN_BLOCK_CAPTURE_AUTORELEASING = YES;
				CLANG_WARN_BOOL_CONVERSION = YES;
				CLANG_WARN_COMMA = YES;
				CLANG_WARN_CONSTANT_CONVERSION = YES;
				CLANG_WARN_DEPRECATED_OBJC_IMPLEMENTATIONS = YES;
				CLANG_WARN_DIRECT_OBJC_ISA_USAGE = YES_ERROR;
				CLANG_WARN_DOCUMENTATION_COMMENTS = YES;
				CLANG_WARN_EMPTY_BODY = YES;
				CLANG_WARN_ENUM_CONVERSION = YES;
				CLANG_WARN_INFINITE_RECURSION = YES;
				CLANG_WARN_INT_CONVERSION = YES;
				CLANG_WARN_NON_LITERAL_NULL_CONVERSION = YES;
				CLANG_WARN_OBJC_IMPLICIT_RETAIN_SELF = YES;
				CLANG_WARN_OBJC_LITERAL_CONVERSION = YES;
				CLANG_WARN_OBJC_ROOT_CLASS = YES_ERROR;
				CLANG_WARN_QUOTED_INCLUDE_IN_FRAMEWORK_HEADER = YES;
				CLANG_WARN_RANGE_LOOP_ANALYSIS = YES;
				CLANG_WARN_STRICT_PROTOTYPES = YES;
				CLANG_WARN_SUSPICIOUS_MOVE = YES;
				CLANG_WARN_UNGUARDED_AVAILABILITY = YES_AGGRESSIVE;
				CLANG_WARN_UNREACHABLE_CODE = YES;
				CLANG_WARN__DUPLICATE_METHOD_MATCH = YES;
				COPY_PHASE_STRIP = NO;
				DEBUG_INFORMATION_FORMAT = "dwarf-with-dsym";
				ENABLE_NS_ASSERTIONS = NO;
				ENABLE_STRICT_OBJC_MSGSEND = YES;
				GCC_C_LANGUAGE_STANDARD = gnu11;
				GCC_NO_COMMON_BLOCKS = YES;
				GCC_WARN_64_TO_32_BIT_CONVERSION = YES;
				GCC_WARN_ABOUT_RETURN_TYPE = YES_ERROR;
				GCC_WARN_UNDECLARED_SELECTOR = YES;
				GCC_WARN_UNINITIALIZED_AUTOS = YES_AGGRESSIVE;
				GCC_WARN_UNUSED_FUNCTION = YES;
				GCC_WARN_UNUSED_VARIABLE = YES;
				MACOSX_DEPLOYMENT_TARGET = 11.0;
				MTL_ENABLE_DEBUG_INFO = NO;
				MTL_FAST_MATH = YES;
				SDKROOT = macosx;
				SWIFT_COMPILATION_MODE = wholemodule;
				SWIFT_OPTIMIZATION_LEVEL = "-O";
			};
			name = Release;
		};
		85D4737125874146007F2C78 /* Debug */ = {
			isa = XCBuildConfiguration;
			baseConfigurationReference = BD0A052086D6E60E1E68F694 /* Pods-Kharon.debug.xcconfig */;
			buildSettings = {
				ASSETCATALOG_COMPILER_APPICON_NAME = AppIcon;
				ASSETCATALOG_COMPILER_GLOBAL_ACCENT_COLOR_NAME = AccentColor;
				CODE_SIGN_ENTITLEMENTS = Kharon/Kharon.entitlements;
				CODE_SIGN_IDENTITY = "-";
				CODE_SIGN_STYLE = Automatic;
				COMBINE_HIDPI_IMAGES = YES;
				DEVELOPMENT_ASSET_PATHS = "\"Kharon/Preview Content\"";
				ENABLE_PREVIEWS = YES;
				INFOPLIST_FILE = Kharon/Info.plist;
				LD_RUNPATH_SEARCH_PATHS = (
					"$(inherited)",
					"@executable_path/../Frameworks",
				);
				MACOSX_DEPLOYMENT_TARGET = 11.0;
				PRODUCT_BUNDLE_IDENTIFIER = com.emilyatlee.Kharon;
				PRODUCT_NAME = "$(TARGET_NAME)";
				SWIFT_VERSION = 5.0;
			};
			name = Debug;
		};
		85D4737225874146007F2C78 /* Release */ = {
			isa = XCBuildConfiguration;
			baseConfigurationReference = C9E7103B374B959BEB9C1FD2 /* Pods-Kharon.release.xcconfig */;
			buildSettings = {
				ASSETCATALOG_COMPILER_APPICON_NAME = AppIcon;
				ASSETCATALOG_COMPILER_GLOBAL_ACCENT_COLOR_NAME = AccentColor;
				CODE_SIGN_ENTITLEMENTS = Kharon/Kharon.entitlements;
				CODE_SIGN_IDENTITY = "-";
				CODE_SIGN_STYLE = Automatic;
				COMBINE_HIDPI_IMAGES = YES;
				DEVELOPMENT_ASSET_PATHS = "\"Kharon/Preview Content\"";
				ENABLE_PREVIEWS = YES;
				INFOPLIST_FILE = Kharon/Info.plist;
				LD_RUNPATH_SEARCH_PATHS = (
					"$(inherited)",
					"@executable_path/../Frameworks",
				);
				MACOSX_DEPLOYMENT_TARGET = 11.0;
				PRODUCT_BUNDLE_IDENTIFIER = com.emilyatlee.Kharon;
				PRODUCT_NAME = "$(TARGET_NAME)";
				SWIFT_VERSION = 5.0;
			};
			name = Release;
		};
/* End XCBuildConfiguration section */

/* Begin XCConfigurationList section */
		85D4735B25874145007F2C78 /* Build configuration list for PBXProject "Kharon" */ = {
			isa = XCConfigurationList;
			buildConfigurations = (
				85D4736E25874146007F2C78 /* Debug */,
				85D4736F25874146007F2C78 /* Release */,
			);
			defaultConfigurationIsVisible = 0;
			defaultConfigurationName = Release;
		};
		85D4737025874146007F2C78 /* Build configuration list for PBXNativeTarget "Kharon" */ = {
			isa = XCConfigurationList;
			buildConfigurations = (
				85D4737125874146007F2C78 /* Debug */,
				85D4737225874146007F2C78 /* Release */,
			);
			defaultConfigurationIsVisible = 0;
			defaultConfigurationName = Release;
		};
/* End XCConfigurationList section */
	};
	rootObject = 85D4735825874145007F2C78 /* Project object */;
}
